
Microsoft Visual Studio Solution File, Format Version 12.00
# Visual Studio Version 17
VisualStudioVersion = 17.13.35931.197
MinimumVisualStudioVersion = 10.0.40219.1
Project("{FAE04EC0-301F-11D3-BF4B-00C04F79EFBC}") = "MySystemWebApi", "MySystem\MySystemWebApi.csproj", "{6EFED1F1-F1CC-4BF5-AE86-8AE850A9EBEC}"
EndProject
Global
	GlobalSection(SolutionConfigurationPlatforms) = preSolution
		Debug|Any CPU = Debug|Any CPU
		Release|Any CPU = Release|Any CPU
	EndGlobalSection
	GlobalSection(ProjectConfigurationPlatforms) = postSolution
		{6EFED1F1-F1CC-4BF5-AE86-8AE850A9EBEC}.Debug|Any CPU.ActiveCfg = Debug|Any CPU
		{6EFED1F1-F1CC-4BF5-AE86-8AE850A9EBEC}.Debug|Any CPU.Build.0 = Debug|Any CPU
		{6EFED1F1-F1CC-4BF5-AE86-8AE850A9EBEC}.Release|Any CPU.ActiveCfg = Release|Any CPU
		{6EFED1F1-F1CC-4BF5-AE86-8AE850A9EBEC}.Release|Any CPU.Build.0 = Release|Any CPU
	EndGlobalSection
	GlobalSection(SolutionProperties) = preSolution
		HideSolutionNode = FALSE
	EndGlobalSection
	GlobalSection(ExtensibilityGlobals) = postSolution
		SolutionGuid = {1E31EF90-BB1F-4DB7-A31F-72871B85713F}
	EndGlobalSection
EndGlobal
